// !$*UTF8*$!
{
	archiveVersion = 1;
	classes = {
	};
	objectVersion = 46;
	objects = {

/* Begin PBXBuildFile section */
		63059B611C616DBD0037916E /* AppDelegate.swift in Sources */ = {isa = PBXBuildFile; fileRef = 63059B601C616DBD0037916E /* AppDelegate.swift */; };
		63059B631C616DBD0037916E /* ViewController.swift in Sources */ = {isa = PBXBuildFile; fileRef = 63059B621C616DBD0037916E /* ViewController.swift */; };
		63059B661C616DBD0037916E /* Main.storyboard in Resources */ = {isa = PBXBuildFile; fileRef = 63059B641C616DBD0037916E /* Main.storyboard */; settings = {ASSET_TAGS = (collegeName, ); }; };
		63059B681C616DBE0037916E /* Assets.xcassets in Resources */ = {isa = PBXBuildFile; fileRef = 63059B671C616DBE0037916E /* Assets.xcassets */; };
		63059B6B1C616DBE0037916E /* LaunchScreen.storyboard in Resources */ = {isa = PBXBuildFile; fileRef = 63059B691C616DBE0037916E /* LaunchScreen.storyboard */; };
		63059B761C616DBE0037916E /* Drop_N_TutorMeTests.swift in Sources */ = {isa = PBXBuildFile; fileRef = 63059B751C616DBE0037916E /* Drop_N_TutorMeTests.swift */; };
		63059B811C616DBE0037916E /* Drop_N_TutorMeUITests.swift in Sources */ = {isa = PBXBuildFile; fileRef = 63059B801C616DBE0037916E /* Drop_N_TutorMeUITests.swift */; };
		63059B8F1C616EEF0037916E /* background2.png in Resources */ = {isa = PBXBuildFile; fileRef = 63059B8E1C616EEF0037916E /* background2.png */; };
		63059B971C61AB1C0037916E /* BackLogo.png in Resources */ = {isa = PBXBuildFile; fileRef = 63059B961C61AB1C0037916E /* BackLogo.png */; };
		63059B9B1C6287CA0037916E /* ApiController.swift in Sources */ = {isa = PBXBuildFile; fileRef = 63059B9A1C6287CA0037916E /* ApiController.swift */; };
		638F95AA1C62EC4D003D5E5D /* SwiftyJSON.swift in Sources */ = {isa = PBXBuildFile; fileRef = 638F95A91C62EC4D003D5E5D /* SwiftyJSON.swift */; };
		638F95AC1C62F5F8003D5E5D /* JSONObject.swift in Sources */ = {isa = PBXBuildFile; fileRef = 638F95AB1C62F5F8003D5E5D /* JSONObject.swift */; };
		638F95AE1C62F650003D5E5D /* JSONArray.swift in Sources */ = {isa = PBXBuildFile; fileRef = 638F95AD1C62F650003D5E5D /* JSONArray.swift */; };
/* End PBXBuildFile section */

/* Begin PBXContainerItemProxy section */
		63059B721C616DBE0037916E /* PBXContainerItemProxy */ = {
			isa = PBXContainerItemProxy;
			containerPortal = 63059B551C616DBD0037916E /* Project object */;
			proxyType = 1;
			remoteGlobalIDString = 63059B5C1C616DBD0037916E;
			remoteInfo = "Drop'N'TutorMe";
		};
		63059B7D1C616DBE0037916E /* PBXContainerItemProxy */ = {
			isa = PBXContainerItemProxy;
			containerPortal = 63059B551C616DBD0037916E /* Project object */;
			proxyType = 1;
			remoteGlobalIDString = 63059B5C1C616DBD0037916E;
			remoteInfo = "Drop'N'TutorMe";
		};
/* End PBXContainerItemProxy section */

/* Begin PBXFileReference section */
		63059B5D1C616DBD0037916E /* Drop'N'TutorMe.app */ = {isa = PBXFileReference; explicitFileType = wrapper.application; includeInIndex = 0; path = "Drop'N'TutorMe.app"; sourceTree = BUILT_PRODUCTS_DIR; };
		63059B601C616DBD0037916E /* AppDelegate.swift */ = {isa = PBXFileReference; lastKnownFileType = sourcecode.swift; path = AppDelegate.swift; sourceTree = "<group>"; };
		63059B621C616DBD0037916E /* ViewController.swift */ = {isa = PBXFileReference; lastKnownFileType = sourcecode.swift; path = ViewController.swift; sourceTree = "<group>"; };
		63059B651C616DBD0037916E /* Base */ = {isa = PBXFileReference; lastKnownFileType = file.storyboard; name = Base; path = Base.lproj/Main.storyboard; sourceTree = "<group>"; };
		63059B671C616DBE0037916E /* Assets.xcassets */ = {isa = PBXFileReference; lastKnownFileType = folder.assetcatalog; path = Assets.xcassets; sourceTree = "<group>"; };
		63059B6A1C616DBE0037916E /* Base */ = {isa = PBXFileReference; lastKnownFileType = file.storyboard; name = Base; path = Base.lproj/LaunchScreen.storyboard; sourceTree = "<group>"; };
		63059B6C1C616DBE0037916E /* Info.plist */ = {isa = PBXFileReference; lastKnownFileType = text.plist.xml; path = Info.plist; sourceTree = "<group>"; };
		63059B711C616DBE0037916E /* Drop'N'TutorMeTests.xctest */ = {isa = PBXFileReference; explicitFileType = wrapper.cfbundle; includeInIndex = 0; path = "Drop'N'TutorMeTests.xctest"; sourceTree = BUILT_PRODUCTS_DIR; };
		63059B751C616DBE0037916E /* Drop_N_TutorMeTests.swift */ = {isa = PBXFileReference; lastKnownFileType = sourcecode.swift; path = Drop_N_TutorMeTests.swift; sourceTree = "<group>"; };
		63059B771C616DBE0037916E /* Info.plist */ = {isa = PBXFileReference; lastKnownFileType = text.plist.xml; path = Info.plist; sourceTree = "<group>"; };
		63059B7C1C616DBE0037916E /* Drop'N'TutorMeUITests.xctest */ = {isa = PBXFileReference; explicitFileType = wrapper.cfbundle; includeInIndex = 0; path = "Drop'N'TutorMeUITests.xctest"; sourceTree = BUILT_PRODUCTS_DIR; };
		63059B801C616DBE0037916E /* Drop_N_TutorMeUITests.swift */ = {isa = PBXFileReference; lastKnownFileType = sourcecode.swift; path = Drop_N_TutorMeUITests.swift; sourceTree = "<group>"; };
		63059B821C616DBE0037916E /* Info.plist */ = {isa = PBXFileReference; lastKnownFileType = text.plist.xml; path = Info.plist; sourceTree = "<group>"; };
		63059B8E1C616EEF0037916E /* background2.png */ = {isa = PBXFileReference; lastKnownFileType = image.png; name = background2.png; path = Assets.xcassets/background2.png; sourceTree = "<group>"; };
		63059B961C61AB1C0037916E /* BackLogo.png */ = {isa = PBXFileReference; lastKnownFileType = image.png; name = BackLogo.png; path = Assets.xcassets/BackLogo.png; sourceTree = "<group>"; };
		63059B9A1C6287CA0037916E /* ApiController.swift */ = {isa = PBXFileReference; fileEncoding = 4; lastKnownFileType = sourcecode.swift; path = ApiController.swift; sourceTree = "<group>"; };
		638F95A91C62EC4D003D5E5D /* SwiftyJSON.swift */ = {isa = PBXFileReference; fileEncoding = 4; lastKnownFileType = sourcecode.swift; path = SwiftyJSON.swift; sourceTree = "<group>"; };
		638F95AB1C62F5F8003D5E5D /* JSONObject.swift */ = {isa = PBXFileReference; fileEncoding = 4; lastKnownFileType = sourcecode.swift; name = JSONObject.swift; path = ../JSONObject.swift; sourceTree = "<group>"; };
		638F95AD1C62F650003D5E5D /* JSONArray.swift */ = {isa = PBXFileReference; fileEncoding = 4; lastKnownFileType = sourcecode.swift; name = JSONArray.swift; path = ../JSONArray.swift; sourceTree = "<group>"; };
/* End PBXFileReference section */

/* Begin PBXFrameworksBuildPhase section */
		63059B5A1C616DBD0037916E /* Frameworks */ = {
			isa = PBXFrameworksBuildPhase;
			buildActionMask = 2147483647;
			files = (
			);
			runOnlyForDeploymentPostprocessing = 0;
		};
		63059B6E1C616DBE0037916E /* Frameworks */ = {
			isa = PBXFrameworksBuildPhase;
			buildActionMask = 2147483647;
			files = (
			);
			runOnlyForDeploymentPostprocessing = 0;
		};
		63059B791C616DBE0037916E /* Frameworks */ = {
			isa = PBXFrameworksBuildPhase;
			buildActionMask = 2147483647;
			files = (
			);
			runOnlyForDeploymentPostprocessing = 0;
		};
/* End PBXFrameworksBuildPhase section */

/* Begin PBXGroup section */
		63059B541C616DBD0037916E = {
			isa = PBXGroup;
			children = (
				63059B5F1C616DBD0037916E /* Drop'N'TutorMe */,
				63059B741C616DBE0037916E /* Drop'N'TutorMeTests */,
				63059B7F1C616DBE0037916E /* Drop'N'TutorMeUITests */,
				63059B5E1C616DBD0037916E /* Products */,
			);
			sourceTree = "<group>";
		};
		63059B5E1C616DBD0037916E /* Products */ = {
			isa = PBXGroup;
			children = (
				63059B5D1C616DBD0037916E /* Drop'N'TutorMe.app */,
				63059B711C616DBE0037916E /* Drop'N'TutorMeTests.xctest */,
				63059B7C1C616DBE0037916E /* Drop'N'TutorMeUITests.xctest */,
			);
			name = Products;
			sourceTree = "<group>";
		};
		63059B5F1C616DBD0037916E /* Drop'N'TutorMe */ = {
			isa = PBXGroup;
			children = (
				638F95AD1C62F650003D5E5D /* JSONArray.swift */,
				638F95AB1C62F5F8003D5E5D /* JSONObject.swift */,
				63059B601C616DBD0037916E /* AppDelegate.swift */,
				63059B9A1C6287CA0037916E /* ApiController.swift */,
				63059B621C616DBD0037916E /* ViewController.swift */,
				63059B641C616DBD0037916E /* Main.storyboard */,
				638F95A91C62EC4D003D5E5D /* SwiftyJSON.swift */,
				63059B961C61AB1C0037916E /* BackLogo.png */,
				63059B8E1C616EEF0037916E /* background2.png */,
				63059B671C616DBE0037916E /* Assets.xcassets */,
				63059B691C616DBE0037916E /* LaunchScreen.storyboard */,
				63059B6C1C616DBE0037916E /* Info.plist */,
			);
			path = "Drop'N'TutorMe";
			sourceTree = "<group>";
		};
		63059B741C616DBE0037916E /* Drop'N'TutorMeTests */ = {
			isa = PBXGroup;
			children = (
				63059B751C616DBE0037916E /* Drop_N_TutorMeTests.swift */,
				63059B771C616DBE0037916E /* Info.plist */,
			);
			path = "Drop'N'TutorMeTests";
			sourceTree = "<group>";
		};
		63059B7F1C616DBE0037916E /* Drop'N'TutorMeUITests */ = {
			isa = PBXGroup;
			children = (
				63059B801C616DBE0037916E /* Drop_N_TutorMeUITests.swift */,
				63059B821C616DBE0037916E /* Info.plist */,
			);
			path = "Drop'N'TutorMeUITests";
			sourceTree = "<group>";
		};
/* End PBXGroup section */

/* Begin PBXNativeTarget section */
		63059B5C1C616DBD0037916E /* Drop'N'TutorMe */ = {
			isa = PBXNativeTarget;
			buildConfigurationList = 63059B851C616DBE0037916E /* Build configuration list for PBXNativeTarget "Drop'N'TutorMe" */;
			buildPhases = (
				63059B591C616DBD0037916E /* Sources */,
				63059B5A1C616DBD0037916E /* Frameworks */,
				63059B5B1C616DBD0037916E /* Resources */,
			);
			buildRules = (
			);
			dependencies = (
			);
			name = "Drop'N'TutorMe";
			productName = "Drop'N'TutorMe";
			productReference = 63059B5D1C616DBD0037916E /* Drop'N'TutorMe.app */;
			productType = "com.apple.product-type.application";
		};
		63059B701C616DBE0037916E /* Drop'N'TutorMeTests */ = {
			isa = PBXNativeTarget;
			buildConfigurationList = 63059B881C616DBE0037916E /* Build configuration list for PBXNativeTarget "Drop'N'TutorMeTests" */;
			buildPhases = (
				63059B6D1C616DBE0037916E /* Sources */,
				63059B6E1C616DBE0037916E /* Frameworks */,
				63059B6F1C616DBE0037916E /* Resources */,
			);
			buildRules = (
			);
			dependencies = (
				63059B731C616DBE0037916E /* PBXTargetDependency */,
			);
			name = "Drop'N'TutorMeTests";
			productName = "Drop'N'TutorMeTests";
			productReference = 63059B711C616DBE0037916E /* Drop'N'TutorMeTests.xctest */;
			productType = "com.apple.product-type.bundle.unit-test";
		};
		63059B7B1C616DBE0037916E /* Drop'N'TutorMeUITests */ = {
			isa = PBXNativeTarget;
			buildConfigurationList = 63059B8B1C616DBE0037916E /* Build configuration list for PBXNativeTarget "Drop'N'TutorMeUITests" */;
			buildPhases = (
				63059B781C616DBE0037916E /* Sources */,
				63059B791C616DBE0037916E /* Frameworks */,
				63059B7A1C616DBE0037916E /* Resources */,
			);
			buildRules = (
			);
			dependencies = (
				63059B7E1C616DBE0037916E /* PBXTargetDependency */,
			);
			name = "Drop'N'TutorMeUITests";
			productName = "Drop'N'TutorMeUITests";
			productReference = 63059B7C1C616DBE0037916E /* Drop'N'TutorMeUITests.xctest */;
			productType = "com.apple.product-type.bundle.ui-testing";
		};
/* End PBXNativeTarget section */

/* Begin PBXProject section */
		63059B551C616DBD0037916E /* Project object */ = {
			isa = PBXProject;
			attributes = {
				KnownAssetTags = (
					collegeName,
				);
				LastSwiftUpdateCheck = 0720;
				LastUpgradeCheck = 0720;
				ORGANIZATIONNAME = "Randall Hash";
				TargetAttributes = {
					63059B5C1C616DBD0037916E = {
						CreatedOnToolsVersion = 7.2;
					};
					63059B701C616DBE0037916E = {
						CreatedOnToolsVersion = 7.2;
						TestTargetID = 63059B5C1C616DBD0037916E;
					};
					63059B7B1C616DBE0037916E = {
						CreatedOnToolsVersion = 7.2;
						TestTargetID = 63059B5C1C616DBD0037916E;
					};
				};
			};
			buildConfigurationList = 63059B581C616DBD0037916E /* Build configuration list for PBXProject "Drop'N'TutorMe" */;
			compatibilityVersion = "Xcode 3.2";
			developmentRegion = English;
			hasScannedForEncodings = 0;
			knownRegions = (
				en,
				Base,
			);
			mainGroup = 63059B541C616DBD0037916E;
			productRefGroup = 63059B5E1C616DBD0037916E /* Products */;
			projectDirPath = "";
			projectRoot = "";
			targets = (
				63059B5C1C616DBD0037916E /* Drop'N'TutorMe */,
				63059B701C616DBE0037916E /* Drop'N'TutorMeTests */,
				63059B7B1C616DBE0037916E /* Drop'N'TutorMeUITests */,
			);
		};
/* End PBXProject section */

/* Begin PBXResourcesBuildPhase section */
		63059B5B1C616DBD0037916E /* Resources */ = {
			isa = PBXResourcesBuildPhase;
			buildActionMask = 2147483647;
			files = (
				63059B8F1C616EEF0037916E /* background2.png in Resources */,
				63059B971C61AB1C0037916E /* BackLogo.png in Resources */,
				63059B6B1C616DBE0037916E /* LaunchScreen.storyboard in Resources */,
				63059B681C616DBE0037916E /* Assets.xcassets in Resources */,
				63059B661C616DBD0037916E /* Main.storyboard in Resources */,
			);
			runOnlyForDeploymentPostprocessing = 0;
		};
		63059B6F1C616DBE0037916E /* Resources */ = {
			isa = PBXResourcesBuildPhase;
			buildActionMask = 2147483647;
			files = (
			);
			runOnlyForDeploymentPostprocessing = 0;
		};
		63059B7A1C616DBE0037916E /* Resources */ = {
			isa = PBXResourcesBuildPhase;
			buildActionMask = 2147483647;
			files = (
			);
			runOnlyForDeploymentPostprocessing = 0;
		};
/* End PBXResourcesBuildPhase section */

/* Begin PBXSourcesBuildPhase section */
		63059B591C616DBD0037916E /* Sources */ = {
			isa = PBXSourcesBuildPhase;
			buildActionMask = 2147483647;
			files = (
				63059B9B1C6287CA0037916E /* ApiController.swift in Sources */,
				638F95AE1C62F650003D5E5D /* JSONArray.swift in Sources */,
				63059B631C616DBD0037916E /* ViewController.swift in Sources */,
				63059B611C616DBD0037916E /* AppDelegate.swift in Sources */,
				638F95AA1C62EC4D003D5E5D /* SwiftyJSON.swift in Sources */,
				638F95AC1C62F5F8003D5E5D /* JSONObject.swift in Sources */,
			);
			runOnlyForDeploymentPostprocessing = 0;
		};
		63059B6D1C616DBE0037916E /* Sources */ = {
			isa = PBXSourcesBuildPhase;
			buildActionMask = 2147483647;
			files = (
				63059B761C616DBE0037916E /* Drop_N_TutorMeTests.swift in Sources */,
			);
			runOnlyForDeploymentPostprocessing = 0;
		};
		63059B781C616DBE0037916E /* Sources */ = {
			isa = PBXSourcesBuildPhase;
			buildActionMask = 2147483647;
			files = (
				63059B811C616DBE0037916E /* Drop_N_TutorMeUITests.swift in Sources */,
			);
			runOnlyForDeploymentPostprocessing = 0;
		};
/* End PBXSourcesBuildPhase section */

/* Begin PBXTargetDependency section */
		63059B731C616DBE0037916E /* PBXTargetDependency */ = {
			isa = PBXTargetDependency;
			target = 63059B5C1C616DBD0037916E /* Drop'N'TutorMe */;
			targetProxy = 63059B721C616DBE0037916E /* PBXContainerItemProxy */;
		};
		63059B7E1C616DBE0037916E /* PBXTargetDependency */ = {
			isa = PBXTargetDependency;
			target = 63059B5C1C616DBD0037916E /* Drop'N'TutorMe */;
			targetProxy = 63059B7D1C616DBE0037916E /* PBXContainerItemProxy */;
		};
/* End PBXTargetDependency section */

/* Begin PBXVariantGroup section */
		63059B641C616DBD0037916E /* Main.storyboard */ = {
			isa = PBXVariantGroup;
			children = (
				63059B651C616DBD0037916E /* Base */,
			);
			name = Main.storyboard;
			sourceTree = "<group>";
		};
		63059B691C616DBE0037916E /* LaunchScreen.storyboard */ = {
			isa = PBXVariantGroup;
			children = (
				63059B6A1C616DBE0037916E /* Base */,
			);
			name = LaunchScreen.storyboard;
			sourceTree = "<group>";
		};
/* End PBXVariantGroup section */

/* Begin XCBuildConfiguration section */
		63059B831C616DBE0037916E /* Debug */ = {
			isa = XCBuildConfiguration;
			buildSettings = {
				ALWAYS_SEARCH_USER_PATHS = NO;
				CLANG_CXX_LANGUAGE_STANDARD = "gnu++0x";
				CLANG_CXX_LIBRARY = "libc++";
				CLANG_ENABLE_MODULES = YES;
				CLANG_ENABLE_OBJC_ARC = YES;
				CLANG_WARN_BOOL_CONVERSION = YES;
				CLANG_WARN_CONSTANT_CONVERSION = YES;
				CLANG_WARN_DIRECT_OBJC_ISA_USAGE = YES_ERROR;
				CLANG_WARN_EMPTY_BODY = YES;
				CLANG_WARN_ENUM_CONVERSION = YES;
				CLANG_WARN_INT_CONVERSION = YES;
				CLANG_WARN_OBJC_ROOT_CLASS = YES_ERROR;
				CLANG_WARN_UNREACHABLE_CODE = YES;
				CLANG_WARN__DUPLICATE_METHOD_MATCH = YES;
				"CODE_SIGN_IDENTITY[sdk=iphoneos*]" = "iPhone Developer";
				COPY_PHASE_STRIP = NO;
				DEBUG_INFORMATION_FORMAT = dwarf;
				ENABLE_STRICT_OBJC_MSGSEND = YES;
				ENABLE_TESTABILITY = YES;
				GCC_C_LANGUAGE_STANDARD = gnu99;
				GCC_DYNAMIC_NO_PIC = NO;
				GCC_NO_COMMON_BLOCKS = YES;
				GCC_OPTIMIZATION_LEVEL = 0;
				GCC_PREPROCESSOR_DEFINITIONS = (
					"DEBUG=1",
					"$(inherited)",
				);
				GCC_WARN_64_TO_32_BIT_CONVERSION = YES;
				GCC_WARN_ABOUT_RETURN_TYPE = YES_ERROR;
				GCC_WARN_UNDECLARED_SELECTOR = YES;
				GCC_WARN_UNINITIALIZED_AUTOS = YES_AGGRESSIVE;
				GCC_WARN_UNUSED_FUNCTION = YES;
				GCC_WARN_UNUSED_VARIABLE = YES;
				IPHONEOS_DEPLOYMENT_TARGET = 9.2;
				MTL_ENABLE_DEBUG_INFO = YES;
				ONLY_ACTIVE_ARCH = YES;
				SDKROOT = iphoneos;
				SWIFT_OPTIMIZATION_LEVEL = "-Onone";
				TARGETED_DEVICE_FAMILY = "1,2";
			};
			name = Debug;
		};
		63059B841C616DBE0037916E /* Release */ = {
			isa = XCBuildConfiguration;
			buildSettings = {
				ALWAYS_SEARCH_USER_PATHS = NO;
				CLANG_CXX_LANGUAGE_STANDARD = "gnu++0x";
				CLANG_CXX_LIBRARY = "libc++";
				CLANG_ENABLE_MODULES = YES;
				CLANG_ENABLE_OBJC_ARC = YES;
				CLANG_WARN_BOOL_CONVERSION = YES;
				CLANG_WARN_CONSTANT_CONVERSION = YES;
				CLANG_WARN_DIRECT_OBJC_ISA_USAGE = YES_ERROR;
				CLANG_WARN_EMPTY_BODY = YES;
				CLANG_WARN_ENUM_CONVERSION = YES;
				CLANG_WARN_INT_CONVERSION = YES;
				CLANG_WARN_OBJC_ROOT_CLASS = YES_ERROR;
				CLANG_WARN_UNREACHABLE_CODE = YES;
				CLANG_WARN__DUPLICATE_METHOD_MATCH = YES;
				"CODE_SIGN_IDENTITY[sdk=iphoneos*]" = "iPhone Developer";
				COPY_PHASE_STRIP = NO;
				DEBUG_INFORMATION_FORMAT = "dwarf-with-dsym";
				ENABLE_NS_ASSERTIONS = NO;
				ENABLE_STRICT_OBJC_MSGSEND = YES;
				GCC_C_LANGUAGE_STANDARD = gnu99;
				GCC_NO_COMMON_BLOCKS = YES;
				GCC_WARN_64_TO_32_BIT_CONVERSION = YES;
				GCC_WARN_ABOUT_RETURN_TYPE = YES_ERROR;
				GCC_WARN_UNDECLARED_SELECTOR = YES;
				GCC_WARN_UNINITIALIZED_AUTOS = YES_AGGRESSIVE;
				GCC_WARN_UNUSED_FUNCTION = YES;
				GCC_WARN_UNUSED_VARIABLE = YES;
				IPHONEOS_DEPLOYMENT_TARGET = 9.2;
				MTL_ENABLE_DEBUG_INFO = NO;
				SDKROOT = iphoneos;
				TARGETED_DEVICE_FAMILY = "1,2";
				VALIDATE_PRODUCT = YES;
			};
			name = Release;
		};
		63059B861C616DBE0037916E /* Debug */ = {
			isa = XCBuildConfiguration;
			buildSettings = {
				ASSETCATALOG_COMPILER_APPICON_NAME = AppIcon;
				INFOPLIST_FILE = "Drop'N'TutorMe/Info.plist";
				LD_RUNPATH_SEARCH_PATHS = "$(inherited) @executable_path/Frameworks";
				PRODUCT_BUNDLE_IDENTIFIER = "hashr25.Drop-N-TutorMe";
				PRODUCT_NAME = "$(TARGET_NAME)";
			};
			name = Debug;
		};
		63059B871C616DBE0037916E /* Release */ = {
			isa = XCBuildConfiguration;
			buildSettings = {
				ASSETCATALOG_COMPILER_APPICON_NAME = AppIcon;
				INFOPLIST_FILE = "Drop'N'TutorMe/Info.plist";
				LD_RUNPATH_SEARCH_PATHS = "$(inherited) @executable_path/Frameworks";
				PRODUCT_BUNDLE_IDENTIFIER = "hashr25.Drop-N-TutorMe";
				PRODUCT_NAME = "$(TARGET_NAME)";
			};
			name = Release;
		};
		63059B891C616DBE0037916E /* Debug */ = {
			isa = XCBuildConfiguration;
			buildSettings = {
				BUNDLE_LOADER = "$(TEST_HOST)";
				INFOPLIST_FILE = "Drop'N'TutorMeTests/Info.plist";
				LD_RUNPATH_SEARCH_PATHS = "$(inherited) @executable_path/Frameworks @loader_path/Frameworks";
				PRODUCT_BUNDLE_IDENTIFIER = "hashr25.Drop-N-TutorMeTests";
				PRODUCT_NAME = "$(TARGET_NAME)";
				TEST_HOST = "$(BUILT_PRODUCTS_DIR)/Drop'N'TutorMe.app/Drop'N'TutorMe";
			};
			name = Debug;
		};
		63059B8A1C616DBE0037916E /* Release */ = {
			isa = XCBuildConfiguration;
			buildSettings = {
				BUNDLE_LOADER = "$(TEST_HOST)";
				INFOPLIST_FILE = "Drop'N'TutorMeTests/Info.plist";
				LD_RUNPATH_SEARCH_PATHS = "$(inherited) @executable_path/Frameworks @loader_path/Frameworks";
				PRODUCT_BUNDLE_IDENTIFIER = "hashr25.Drop-N-TutorMeTests";
				PRODUCT_NAME = "$(TARGET_NAME)";
				TEST_HOST = "$(BUILT_PRODUCTS_DIR)/Drop'N'TutorMe.app/Drop'N'TutorMe";
			};
			name = Release;
		};
		63059B8C1C616DBE0037916E /* Debug */ = {
			isa = XCBuildConfiguration;
			buildSettings = {
				INFOPLIST_FILE = "Drop'N'TutorMeUITests/Info.plist";
				LD_RUNPATH_SEARCH_PATHS = "$(inherited) @executable_path/Frameworks @loader_path/Frameworks";
				PRODUCT_BUNDLE_IDENTIFIER = "hashr25.Drop-N-TutorMeUITests";
				PRODUCT_NAME = "$(TARGET_NAME)";
				TEST_TARGET_NAME = "Drop'N'TutorMe";
				USES_XCTRUNNER = YES;
			};
			name = Debug;
		};
		63059B8D1C616DBE0037916E /* Release */ = {
			isa = XCBuildConfiguration;
			buildSettings = {
				INFOPLIST_FILE = "Drop'N'TutorMeUITests/Info.plist";
				LD_RUNPATH_SEARCH_PATHS = "$(inherited) @executable_path/Frameworks @loader_path/Frameworks";
				PRODUCT_BUNDLE_IDENTIFIER = "hashr25.Drop-N-TutorMeUITests";
				PRODUCT_NAME = "$(TARGET_NAME)";
				TEST_TARGET_NAME = "Drop'N'TutorMe";
				USES_XCTRUNNER = YES;
			};
			name = Release;
		};
/* End XCBuildConfiguration section */

/* Begin XCConfigurationList section */
		63059B581C616DBD0037916E /* Build configuration list for PBXProject "Drop'N'TutorMe" */ = {
			isa = XCConfigurationList;
			buildConfigurations = (
				63059B831C616DBE0037916E /* Debug */,
				63059B841C616DBE0037916E /* Release */,
			);
			defaultConfigurationIsVisible = 0;
			defaultConfigurationName = Release;
		};
		63059B851C616DBE0037916E /* Build configuration list for PBXNativeTarget "Drop'N'TutorMe" */ = {
			isa = XCConfigurationList;
			buildConfigurations = (
				63059B861C616DBE0037916E /* Debug */,
				63059B871C616DBE0037916E /* Release */,
			);
			defaultConfigurationIsVisible = 0;
			defaultConfigurationName = Release;
		};
		63059B881C616DBE0037916E /* Build configuration list for PBXNativeTarget "Drop'N'TutorMeTests" */ = {
			isa = XCConfigurationList;
			buildConfigurations = (
				63059B891C616DBE0037916E /* Debug */,
				63059B8A1C616DBE0037916E /* Release */,
			);
			defaultConfigurationIsVisible = 0;
			defaultConfigurationName = Release;
		};
		63059B8B1C616DBE0037916E /* Build configuration list for PBXNativeTarget "Drop'N'TutorMeUITests" */ = {
			isa = XCConfigurationList;
			buildConfigurations = (
				63059B8C1C616DBE0037916E /* Debug */,
				63059B8D1C616DBE0037916E /* Release */,
			);
			defaultConfigurationIsVisible = 0;
			defaultConfigurationName = Release;
		};
/* End XCConfigurationList section */
	};
	rootObject = 63059B551C616DBD0037916E /* Project object */;
}
